
Microsoft Visual Studio Solution File, Format Version 12.00
# Visual Studio Version 17
VisualStudioVersion = 17.12.35527.113
MinimumVisualStudioVersion = 10.0.40219.1
Project("{FAE04EC0-301F-11D3-BF4B-00C04F79EFBC}") = "CalculateTheFormula", "CalculateTheFormula\CalculateTheFormula.csproj", "{88B283BF-7925-4700-B02B-B9E46529679E}"
EndProject
Project("{FAE04EC0-301F-11D3-BF4B-00C04F79EFBC}") = "ApproximationCalculation", "ApproximationCalculation\ApproximationCalculation.csproj", "{95C6C8C0-A3EC-4BDE-A9CC-9E8E02128DC1}"
EndProject
Project("{FAE04EC0-301F-11D3-BF4B-00C04F79EFBC}") = "VideoGameManagement", "VideoGameManagement\VideoGameManagement.csproj", "{9C993E1A-443F-46E9-9B8F-38732FE99402}"
EndProject
Project("{FAE04EC0-301F-11D3-BF4B-00C04F79EFBC}") = "CourseManagement", "CourseManagement\CourseManagement.csproj", "{7B023CD0-065B-4903-8BEA-ADA33A950D77}"
EndProject
Global
	GlobalSection(SolutionConfigurationPlatforms) = preSolution
		Debug|Any CPU = Debug|Any CPU
		Release|Any CPU = Release|Any CPU
	EndGlobalSection
	GlobalSection(ProjectConfigurationPlatforms) = postSolution
		{88B283BF-7925-4700-B02B-B9E46529679E}.Debug|Any CPU.ActiveCfg = Debug|Any CPU
		{88B283BF-7925-4700-B02B-B9E46529679E}.Debug|Any CPU.Build.0 = Debug|Any CPU
		{88B283BF-7925-4700-B02B-B9E46529679E}.Release|Any CPU.ActiveCfg = Release|Any CPU
		{88B283BF-7925-4700-B02B-B9E46529679E}.Release|Any CPU.Build.0 = Release|Any CPU
		{95C6C8C0-A3EC-4BDE-A9CC-9E8E02128DC1}.Debug|Any CPU.ActiveCfg = Debug|Any CPU
		{95C6C8C0-A3EC-4BDE-A9CC-9E8E02128DC1}.Debug|Any CPU.Build.0 = Debug|Any CPU
		{95C6C8C0-A3EC-4BDE-A9CC-9E8E02128DC1}.Release|Any CPU.ActiveCfg = Release|Any CPU
		{95C6C8C0-A3EC-4BDE-A9CC-9E8E02128DC1}.Release|Any CPU.Build.0 = Release|Any CPU
		{9C993E1A-443F-46E9-9B8F-38732FE99402}.Debug|Any CPU.ActiveCfg = Debug|Any CPU
		{9C993E1A-443F-46E9-9B8F-38732FE99402}.Debug|Any CPU.Build.0 = Debug|Any CPU
		{9C993E1A-443F-46E9-9B8F-38732FE99402}.Release|Any CPU.ActiveCfg = Release|Any CPU
		{9C993E1A-443F-46E9-9B8F-38732FE99402}.Release|Any CPU.Build.0 = Release|Any CPU
		{7B023CD0-065B-4903-8BEA-ADA33A950D77}.Debug|Any CPU.ActiveCfg = Debug|Any CPU
		{7B023CD0-065B-4903-8BEA-ADA33A950D77}.Debug|Any CPU.Build.0 = Debug|Any CPU
		{7B023CD0-065B-4903-8BEA-ADA33A950D77}.Release|Any CPU.ActiveCfg = Release|Any CPU
		{7B023CD0-065B-4903-8BEA-ADA33A950D77}.Release|Any CPU.Build.0 = Release|Any CPU
	EndGlobalSection
	GlobalSection(SolutionProperties) = preSolution
		HideSolutionNode = FALSE
	EndGlobalSection
EndGlobal
